<Solution>
  <Folder Name="/src/">
    <Project Path="src/KingOfTokyo.Core/KingOfTokyo.Core.csproj" />
    <Project Path="src/KingOfTokyo.Api/KingOfTokyo.Api.csproj" />
  </Folder>
  <Folder Name="/tests/">
    <Project Path="tests/KingOfTokyo.Core.Tests/KingOfTokyo.Core.Tests.csproj" />
    <Project Path="tests/KingOfTokyo.Api.Tests/KingOfTokyo.Api.Tests.csproj" />
  </Folder>
</Solution>
